
Microsoft Visual Studio Solution File, Format Version 12.00
# Visual Studio Version 16
VisualStudioVersion = 16.0.29409.12
MinimumVisualStudioVersion = 10.0.40219.1
Project("{8BC9CEB8-8B4A-11D0-8D11-00A0C91BC942}") = "programmer_en_c++.cpp", "programmer_en_c++.cpp.vcxproj", "{B8E837E3-9769-4CBD-B7D6-3065A9476609}"
EndProject
Global
	GlobalSection(SolutionConfigurationPlatforms) = preSolution
		Debug|x64 = Debug|x64
		Debug|x86 = Debug|x86
		Release|x64 = Release|x64
		Release|x86 = Release|x86
	EndGlobalSection
	GlobalSection(ProjectConfigurationPlatforms) = postSolution
		{B8E837E3-9769-4CBD-B7D6-3065A9476609}.Debug|x64.ActiveCfg = Debug|x64
		{B8E837E3-9769-4CBD-B7D6-3065A9476609}.Debug|x64.Build.0 = Debug|x64
		{B8E837E3-9769-4CBD-B7D6-3065A9476609}.Debug|x86.ActiveCfg = Debug|Win32
		{B8E837E3-9769-4CBD-B7D6-3065A9476609}.Debug|x86.Build.0 = Debug|Win32
		{B8E837E3-9769-4CBD-B7D6-3065A9476609}.Release|x64.ActiveCfg = Release|x64
		{B8E837E3-9769-4CBD-B7D6-3065A9476609}.Release|x64.Build.0 = Release|x64
		{B8E837E3-9769-4CBD-B7D6-3065A9476609}.Release|x86.ActiveCfg = Release|Win32
		{B8E837E3-9769-4CBD-B7D6-3065A9476609}.Release|x86.Build.0 = Release|Win32
	EndGlobalSection
	GlobalSection(SolutionProperties) = preSolution
		HideSolutionNode = FALSE
	EndGlobalSection
	GlobalSection(ExtensibilityGlobals) = postSolution
		SolutionGuid = {B472E7D4-0ED8-454C-9483-09BA68022151}
	EndGlobalSection
EndGlobal
